// !$*UTF8*$!
{
	archiveVersion = 1;
	classes = {
	};
	objectVersion = 46;
	objects = {

/* Begin PBXBuildFile section */
		6EFAC1271E5D77B2007CC7E0 /* AppDelegate.swift in Sources */ = {isa = PBXBuildFile; fileRef = 6EFAC1261E5D77B2007CC7E0 /* AppDelegate.swift */; };
		6EFAC1291E5D77B2007CC7E0 /* ViewController.swift in Sources */ = {isa = PBXBuildFile; fileRef = 6EFAC1281E5D77B2007CC7E0 /* ViewController.swift */; };
		6EFAC12E1E5D77B2007CC7E0 /* Assets.xcassets in Resources */ = {isa = PBXBuildFile; fileRef = 6EFAC12D1E5D77B2007CC7E0 /* Assets.xcassets */; };
		6EFAC1311E5D77B2007CC7E0 /* LaunchScreen.storyboard in Resources */ = {isa = PBXBuildFile; fileRef = 6EFAC12F1E5D77B2007CC7E0 /* LaunchScreen.storyboard */; };
		6EFAC1391E5D77EB007CC7E0 /* AddNewMember.storyboard in Resources */ = {isa = PBXBuildFile; fileRef = 6EFAC1381E5D77EB007CC7E0 /* AddNewMember.storyboard */; };
		6EFAC13C1E5D780B007CC7E0 /* AddNewMemberTableViewCell.swift in Sources */ = {isa = PBXBuildFile; fileRef = 6EFAC13A1E5D780B007CC7E0 /* AddNewMemberTableViewCell.swift */; };
		6EFAC13D1E5D780B007CC7E0 /* MembersTableViewCell.swift in Sources */ = {isa = PBXBuildFile; fileRef = 6EFAC13B1E5D780B007CC7E0 /* MembersTableViewCell.swift */; };
/* End PBXBuildFile section */

/* Begin PBXFileReference section */
		6EFAC1231E5D77B2007CC7E0 /* ProgrammaticalStaticTableViewController.app */ = {isa = PBXFileReference; explicitFileType = wrapper.application; includeInIndex = 0; path = ProgrammaticalStaticTableViewController.app; sourceTree = BUILT_PRODUCTS_DIR; };
		6EFAC1261E5D77B2007CC7E0 /* AppDelegate.swift */ = {isa = PBXFileReference; lastKnownFileType = sourcecode.swift; path = AppDelegate.swift; sourceTree = "<group>"; };
		6EFAC1281E5D77B2007CC7E0 /* ViewController.swift */ = {isa = PBXFileReference; lastKnownFileType = sourcecode.swift; path = ViewController.swift; sourceTree = "<group>"; };
		6EFAC12D1E5D77B2007CC7E0 /* Assets.xcassets */ = {isa = PBXFileReference; lastKnownFileType = folder.assetcatalog; path = Assets.xcassets; sourceTree = "<group>"; };
		6EFAC1301E5D77B2007CC7E0 /* Base */ = {isa = PBXFileReference; lastKnownFileType = file.storyboard; name = Base; path = Base.lproj/LaunchScreen.storyboard; sourceTree = "<group>"; };
		6EFAC1321E5D77B2007CC7E0 /* Info.plist */ = {isa = PBXFileReference; lastKnownFileType = text.plist.xml; path = Info.plist; sourceTree = "<group>"; };
		6EFAC1381E5D77EB007CC7E0 /* AddNewMember.storyboard */ = {isa = PBXFileReference; fileEncoding = 4; lastKnownFileType = file.storyboard; path = AddNewMember.storyboard; sourceTree = "<group>"; };
		6EFAC13A1E5D780B007CC7E0 /* AddNewMemberTableViewCell.swift */ = {isa = PBXFileReference; fileEncoding = 4; lastKnownFileType = sourcecode.swift; path = AddNewMemberTableViewCell.swift; sourceTree = "<group>"; };
		6EFAC13B1E5D780B007CC7E0 /* MembersTableViewCell.swift */ = {isa = PBXFileReference; fileEncoding = 4; lastKnownFileType = sourcecode.swift; path = MembersTableViewCell.swift; sourceTree = "<group>"; };
/* End PBXFileReference section */

/* Begin PBXFrameworksBuildPhase section */
		6EFAC1201E5D77B2007CC7E0 /* Frameworks */ = {
			isa = PBXFrameworksBuildPhase;
			buildActionMask = 2147483647;
			files = (
			);
			runOnlyForDeploymentPostprocessing = 0;
		};
/* End PBXFrameworksBuildPhase section */

/* Begin PBXGroup section */
		6EFAC11A1E5D77B2007CC7E0 = {
			isa = PBXGroup;
			children = (
				6EFAC1251E5D77B2007CC7E0 /* ProgrammaticalStaticTableViewController */,
				6EFAC1241E5D77B2007CC7E0 /* Products */,
			);
			sourceTree = "<group>";
		};
		6EFAC1241E5D77B2007CC7E0 /* Products */ = {
			isa = PBXGroup;
			children = (
				6EFAC1231E5D77B2007CC7E0 /* ProgrammaticalStaticTableViewController.app */,
			);
			name = Products;
			sourceTree = "<group>";
		};
		6EFAC1251E5D77B2007CC7E0 /* ProgrammaticalStaticTableViewController */ = {
			isa = PBXGroup;
			children = (
				6EFAC1261E5D77B2007CC7E0 /* AppDelegate.swift */,
				6EFAC1281E5D77B2007CC7E0 /* ViewController.swift */,
				6EFAC13A1E5D780B007CC7E0 /* AddNewMemberTableViewCell.swift */,
				6EFAC13B1E5D780B007CC7E0 /* MembersTableViewCell.swift */,
				6EFAC1381E5D77EB007CC7E0 /* AddNewMember.storyboard */,
				6EFAC12D1E5D77B2007CC7E0 /* Assets.xcassets */,
				6EFAC12F1E5D77B2007CC7E0 /* LaunchScreen.storyboard */,
				6EFAC1321E5D77B2007CC7E0 /* Info.plist */,
			);
			path = ProgrammaticalStaticTableViewController;
			sourceTree = "<group>";
		};
/* End PBXGroup section */

/* Begin PBXNativeTarget section */
		6EFAC1221E5D77B2007CC7E0 /* ProgrammaticalStaticTableViewController */ = {
			isa = PBXNativeTarget;
			buildConfigurationList = 6EFAC1351E5D77B2007CC7E0 /* Build configuration list for PBXNativeTarget "ProgrammaticalStaticTableViewController" */;
			buildPhases = (
				6EFAC11F1E5D77B2007CC7E0 /* Sources */,
				6EFAC1201E5D77B2007CC7E0 /* Frameworks */,
				6EFAC1211E5D77B2007CC7E0 /* Resources */,
			);
			buildRules = (
			);
			dependencies = (
			);
			name = ProgrammaticalStaticTableViewController;
			productName = ProgrammaticalStaticTableViewController;
			productReference = 6EFAC1231E5D77B2007CC7E0 /* ProgrammaticalStaticTableViewController.app */;
			productType = "com.apple.product-type.application";
		};
/* End PBXNativeTarget section */

/* Begin PBXProject section */
		6EFAC11B1E5D77B2007CC7E0 /* Project object */ = {
			isa = PBXProject;
			attributes = {
				LastSwiftUpdateCheck = 0820;
				LastUpgradeCheck = 0820;
				ORGANIZATIONNAME = "Zulwiyoza Putra";
				TargetAttributes = {
					6EFAC1221E5D77B2007CC7E0 = {
						CreatedOnToolsVersion = 8.2.1;
						DevelopmentTeam = 44VVQHZS45;
						ProvisioningStyle = Automatic;
					};
				};
			};
			buildConfigurationList = 6EFAC11E1E5D77B2007CC7E0 /* Build configuration list for PBXProject "ProgrammaticalStaticTableViewController" */;
			compatibilityVersion = "Xcode 3.2";
			developmentRegion = English;
			hasScannedForEncodings = 0;
			knownRegions = (
				en,
				Base,
			);
			mainGroup = 6EFAC11A1E5D77B2007CC7E0;
			productRefGroup = 6EFAC1241E5D77B2007CC7E0 /* Products */;
			projectDirPath = "";
			projectRoot = "";
			targets = (
				6EFAC1221E5D77B2007CC7E0 /* ProgrammaticalStaticTableViewController */,
			);
		};
/* End PBXProject section */

/* Begin PBXResourcesBuildPhase section */
		6EFAC1211E5D77B2007CC7E0 /* Resources */ = {
			isa = PBXResourcesBuildPhase;
			buildActionMask = 2147483647;
			files = (
				6EFAC1311E5D77B2007CC7E0 /* LaunchScreen.storyboard in Resources */,
				6EFAC1391E5D77EB007CC7E0 /* AddNewMember.storyboard in Resources */,
				6EFAC12E1E5D77B2007CC7E0 /* Assets.xcassets in Resources */,
			);
			runOnlyForDeploymentPostprocessing = 0;
		};
/* End PBXResourcesBuildPhase section */

/* Begin PBXSourcesBuildPhase section */
		6EFAC11F1E5D77B2007CC7E0 /* Sources */ = {
			isa = PBXSourcesBuildPhase;
			buildActionMask = 2147483647;
			files = (
				6EFAC1291E5D77B2007CC7E0 /* ViewController.swift in Sources */,
				6EFAC1271E5D77B2007CC7E0 /* AppDelegate.swift in Sources */,
				6EFAC13C1E5D780B007CC7E0 /* AddNewMemberTableViewCell.swift in Sources */,
				6EFAC13D1E5D780B007CC7E0 /* MembersTableViewCell.swift in Sources */,
			);
			runOnlyForDeploymentPostprocessing = 0;
		};
/* End PBXSourcesBuildPhase section */

/* Begin PBXVariantGroup section */
		6EFAC12F1E5D77B2007CC7E0 /* LaunchScreen.storyboard */ = {
			isa = PBXVariantGroup;
			children = (
				6EFAC1301E5D77B2007CC7E0 /* Base */,
			);
			name = LaunchScreen.storyboard;
			sourceTree = "<group>";
		};
/* End PBXVariantGroup section */

/* Begin XCBuildConfiguration section */
		6EFAC1331E5D77B2007CC7E0 /* Debug */ = {
			isa = XCBuildConfiguration;
			buildSettings = {
				ALWAYS_SEARCH_USER_PATHS = NO;
				CLANG_ANALYZER_NONNULL = YES;
				CLANG_CXX_LANGUAGE_STANDARD = "gnu++0x";
				CLANG_CXX_LIBRARY = "libc++";
				CLANG_ENABLE_MODULES = YES;
				CLANG_ENABLE_OBJC_ARC = YES;
				CLANG_WARN_BOOL_CONVERSION = YES;
				CLANG_WARN_CONSTANT_CONVERSION = YES;
				CLANG_WARN_DIRECT_OBJC_ISA_USAGE = YES_ERROR;
				CLANG_WARN_DOCUMENTATION_COMMENTS = YES;
				CLANG_WARN_EMPTY_BODY = YES;
				CLANG_WARN_ENUM_CONVERSION = YES;
				CLANG_WARN_INFINITE_RECURSION = YES;
				CLANG_WARN_INT_CONVERSION = YES;
				CLANG_WARN_OBJC_ROOT_CLASS = YES_ERROR;
				CLANG_WARN_SUSPICIOUS_MOVE = YES;
				CLANG_WARN_UNREACHABLE_CODE = YES;
				CLANG_WARN__DUPLICATE_METHOD_MATCH = YES;
				"CODE_SIGN_IDENTITY[sdk=iphoneos*]" = "iPhone Developer";
				COPY_PHASE_STRIP = NO;
				DEBUG_INFORMATION_FORMAT = dwarf;
				ENABLE_STRICT_OBJC_MSGSEND = YES;
				ENABLE_TESTABILITY = YES;
				GCC_C_LANGUAGE_STANDARD = gnu99;
				GCC_DYNAMIC_NO_PIC = NO;
				GCC_NO_COMMON_BLOCKS = YES;
				GCC_OPTIMIZATION_LEVEL = 0;
				GCC_PREPROCESSOR_DEFINITIONS = (
					"DEBUG=1",
					"$(inherited)",
				);
				GCC_WARN_64_TO_32_BIT_CONVERSION = YES;
				GCC_WARN_ABOUT_RETURN_TYPE = YES_ERROR;
				GCC_WARN_UNDECLARED_SELECTOR = YES;
				GCC_WARN_UNINITIALIZED_AUTOS = YES_AGGRESSIVE;
				GCC_WARN_UNUSED_FUNCTION = YES;
				GCC_WARN_UNUSED_VARIABLE = YES;
				IPHONEOS_DEPLOYMENT_TARGET = 10.2;
				MTL_ENABLE_DEBUG_INFO = YES;
				ONLY_ACTIVE_ARCH = YES;
				SDKROOT = iphoneos;
				SWIFT_ACTIVE_COMPILATION_CONDITIONS = DEBUG;
				SWIFT_OPTIMIZATION_LEVEL = "-Onone";
				TARGETED_DEVICE_FAMILY = "1,2";
			};
			name = Debug;
		};
		6EFAC1341E5D77B2007CC7E0 /* Release */ = {
			isa = XCBuildConfiguration;
			buildSettings = {
				ALWAYS_SEARCH_USER_PATHS = NO;
				CLANG_ANALYZER_NONNULL = YES;
				CLANG_CXX_LANGUAGE_STANDARD = "gnu++0x";
				CLANG_CXX_LIBRARY = "libc++";
				CLANG_ENABLE_MODULES = YES;
				CLANG_ENABLE_OBJC_ARC = YES;
				CLANG_WARN_BOOL_CONVERSION = YES;
				CLANG_WARN_CONSTANT_CONVERSION = YES;
				CLANG_WARN_DIRECT_OBJC_ISA_USAGE = YES_ERROR;
				CLANG_WARN_DOCUMENTATION_COMMENTS = YES;
				CLANG_WARN_EMPTY_BODY = YES;
				CLANG_WARN_ENUM_CONVERSION = YES;
				CLANG_WARN_INFINITE_RECURSION = YES;
				CLANG_WARN_INT_CONVERSION = YES;
				CLANG_WARN_OBJC_ROOT_CLASS = YES_ERROR;
				CLANG_WARN_SUSPICIOUS_MOVE = YES;
				CLANG_WARN_UNREACHABLE_CODE = YES;
				CLANG_WARN__DUPLICATE_METHOD_MATCH = YES;
				"CODE_SIGN_IDENTITY[sdk=iphoneos*]" = "iPhone Developer";
				COPY_PHASE_STRIP = NO;
				DEBUG_INFORMATION_FORMAT = "dwarf-with-dsym";
				ENABLE_NS_ASSERTIONS = NO;
				ENABLE_STRICT_OBJC_MSGSEND = YES;
				GCC_C_LANGUAGE_STANDARD = gnu99;
				GCC_NO_COMMON_BLOCKS = YES;
				GCC_WARN_64_TO_32_BIT_CONVERSION = YES;
				GCC_WARN_ABOUT_RETURN_TYPE = YES_ERROR;
				GCC_WARN_UNDECLARED_SELECTOR = YES;
				GCC_WARN_UNINITIALIZED_AUTOS = YES_AGGRESSIVE;
				GCC_WARN_UNUSED_FUNCTION = YES;
				GCC_WARN_UNUSED_VARIABLE = YES;
				IPHONEOS_DEPLOYMENT_TARGET = 10.2;
				MTL_ENABLE_DEBUG_INFO = NO;
				SDKROOT = iphoneos;
				SWIFT_OPTIMIZATION_LEVEL = "-Owholemodule";
				TARGETED_DEVICE_FAMILY = "1,2";
				VALIDATE_PRODUCT = YES;
			};
			name = Release;
		};
		6EFAC1361E5D77B2007CC7E0 /* Debug */ = {
			isa = XCBuildConfiguration;
			buildSettings = {
				ASSETCATALOG_COMPILER_APPICON_NAME = AppIcon;
				DEVELOPMENT_TEAM = 44VVQHZS45;
				INFOPLIST_FILE = ProgrammaticalStaticTableViewController/Info.plist;
				LD_RUNPATH_SEARCH_PATHS = "$(inherited) @executable_path/Frameworks";
				PRODUCT_BUNDLE_IDENTIFIER = com.zulwiyozaputra.ProgrammaticalStaticTableViewController;
				PRODUCT_NAME = "$(TARGET_NAME)";
				SWIFT_VERSION = 3.0;
			};
			name = Debug;
		};
		6EFAC1371E5D77B2007CC7E0 /* Release */ = {
			isa = XCBuildConfiguration;
			buildSettings = {
				ASSETCATALOG_COMPILER_APPICON_NAME = AppIcon;
				DEVELOPMENT_TEAM = 44VVQHZS45;
				INFOPLIST_FILE = ProgrammaticalStaticTableViewController/Info.plist;
				LD_RUNPATH_SEARCH_PATHS = "$(inherited) @executable_path/Frameworks";
				PRODUCT_BUNDLE_IDENTIFIER = com.zulwiyozaputra.ProgrammaticalStaticTableViewController;
				PRODUCT_NAME = "$(TARGET_NAME)";
				SWIFT_VERSION = 3.0;
			};
			name = Release;
		};
/* End XCBuildConfiguration section */

/* Begin XCConfigurationList section */
		6EFAC11E1E5D77B2007CC7E0 /* Build configuration list for PBXProject "ProgrammaticalStaticTableViewController" */ = {
			isa = XCConfigurationList;
			buildConfigurations = (
				6EFAC1331E5D77B2007CC7E0 /* Debug */,
				6EFAC1341E5D77B2007CC7E0 /* Release */,
			);
			defaultConfigurationIsVisible = 0;
			defaultConfigurationName = Release;
		};
		6EFAC1351E5D77B2007CC7E0 /* Build configuration list for PBXNativeTarget "ProgrammaticalStaticTableViewController" */ = {
			isa = XCConfigurationList;
			buildConfigurations = (
				6EFAC1361E5D77B2007CC7E0 /* Debug */,
				6EFAC1371E5D77B2007CC7E0 /* Release */,
			);
			defaultConfigurationIsVisible = 0;
		};
/* End XCConfigurationList section */
	};
	rootObject = 6EFAC11B1E5D77B2007CC7E0 /* Project object */;
}
